
Microsoft Visual Studio Solution File, Format Version 12.00
# Visual Studio 15
VisualStudioVersion = 15.0.27130.2010
MinimumVisualStudioVersion = 10.0.40219.1
Project("{FAE04EC0-301F-11D3-BF4B-00C04F79EFBC}") = "VstoHelperTest", "VstoHelperTest\VstoHelperTest.csproj", "{19EEDBD7-DFB1-45D0-929A-38316BA69B55}"
EndProject
Global
	GlobalSection(SolutionConfigurationPlatforms) = preSolution
		Debug|Any CPU = Debug|Any CPU
		Release|Any CPU = Release|Any CPU
	EndGlobalSection
	GlobalSection(ProjectConfigurationPlatforms) = postSolution
		{19EEDBD7-DFB1-45D0-929A-38316BA69B55}.Debug|Any CPU.ActiveCfg = Debug|Any CPU
		{19EEDBD7-DFB1-45D0-929A-38316BA69B55}.Debug|Any CPU.Build.0 = Debug|Any CPU
		{19EEDBD7-DFB1-45D0-929A-38316BA69B55}.Release|Any CPU.ActiveCfg = Release|Any CPU
		{19EEDBD7-DFB1-45D0-929A-38316BA69B55}.Release|Any CPU.Build.0 = Release|Any CPU
	EndGlobalSection
	GlobalSection(SolutionProperties) = preSolution
		HideSolutionNode = FALSE
	EndGlobalSection
	GlobalSection(ExtensibilityGlobals) = postSolution
		SolutionGuid = {8C83C853-9682-4CFB-9A98-C9AE4D6D0BD0}
	EndGlobalSection
EndGlobal
